
Microsoft Visual Studio Solution File, Format Version 12.00
# Visual Studio Version 17
VisualStudioVersion = 17.5.33530.505
MinimumVisualStudioVersion = 10.0.40219.1
Project("{9A19103F-16F7-4668-BE54-9A1E7A4F7556}") = "StaffProject.Service", "StaffProject\StaffProject.Service.csproj", "{9BADC71D-3E18-4CA0-8305-7DF03C24E02C}"
EndProject
Project("{9A19103F-16F7-4668-BE54-9A1E7A4F7556}") = "StaffProject.Data", "StaffProject.Data\StaffProject.Data.csproj", "{5C65D16D-9C34-43E7-AA51-3CB7716FA55F}"
EndProject
Project("{FAE04EC0-301F-11D3-BF4B-00C04F79EFBC}") = "StaffProject.Schema", "StaffProject.Schema\StaffProject.Schema.csproj", "{157C0878-DD15-4FF0-B248-FF4078E3F505}"
EndProject
Global
	GlobalSection(SolutionConfigurationPlatforms) = preSolution
		Debug|Any CPU = Debug|Any CPU
		Release|Any CPU = Release|Any CPU
	EndGlobalSection
	GlobalSection(ProjectConfigurationPlatforms) = postSolution
		{9BADC71D-3E18-4CA0-8305-7DF03C24E02C}.Debug|Any CPU.ActiveCfg = Debug|Any CPU
		{9BADC71D-3E18-4CA0-8305-7DF03C24E02C}.Debug|Any CPU.Build.0 = Debug|Any CPU
		{9BADC71D-3E18-4CA0-8305-7DF03C24E02C}.Release|Any CPU.ActiveCfg = Release|Any CPU
		{9BADC71D-3E18-4CA0-8305-7DF03C24E02C}.Release|Any CPU.Build.0 = Release|Any CPU
		{5C65D16D-9C34-43E7-AA51-3CB7716FA55F}.Debug|Any CPU.ActiveCfg = Debug|Any CPU
		{5C65D16D-9C34-43E7-AA51-3CB7716FA55F}.Debug|Any CPU.Build.0 = Debug|Any CPU
		{5C65D16D-9C34-43E7-AA51-3CB7716FA55F}.Release|Any CPU.ActiveCfg = Release|Any CPU
		{5C65D16D-9C34-43E7-AA51-3CB7716FA55F}.Release|Any CPU.Build.0 = Release|Any CPU
		{157C0878-DD15-4FF0-B248-FF4078E3F505}.Debug|Any CPU.ActiveCfg = Debug|Any CPU
		{157C0878-DD15-4FF0-B248-FF4078E3F505}.Debug|Any CPU.Build.0 = Debug|Any CPU
		{157C0878-DD15-4FF0-B248-FF4078E3F505}.Release|Any CPU.ActiveCfg = Release|Any CPU
		{157C0878-DD15-4FF0-B248-FF4078E3F505}.Release|Any CPU.Build.0 = Release|Any CPU
	EndGlobalSection
	GlobalSection(SolutionProperties) = preSolution
		HideSolutionNode = FALSE
	EndGlobalSection
	GlobalSection(ExtensibilityGlobals) = postSolution
		SolutionGuid = {3206E3AF-8EF7-463A-82B8-E8C03EB64866}
	EndGlobalSection
EndGlobal
